<?xml version="1.0" encoding="utf-8"?>
<Project ToolsVersion="4.0" xmlns="http://schemas.microsoft.com/developer/msbuild/2003">
  <ItemGroup>
    <Filter Include="source">
      <UniqueIdentifier>{4FC737F1-C7A5-4376-A066-2A32D752A2FF}</UniqueIdentifier>
      <Extensions>cpp;c;cc;cxx;def;odl;idl;hpj;bat;asm;asmx</Extensions>
    </Filter>
    <Filter Include="include">
      <UniqueIdentifier>{93995380-89BD-4b04-88EB-625FBE52EBFB}</UniqueIdentifier>
      <Extensions>h;hh;hpp;hxx;hm;inl;inc;xsd</Extensions>
    </Filter>
    <Filter Include="compiler_msvc">
      <UniqueIdentifier>{a3216426-70cf-4b4f-8b8f-423c8d0416cb}</UniqueIdentifier>
    </Filter>
    <Filter Include="tcp_utilities">
      <UniqueIdentifier>{b2e06bcd-b665-4ef4-8eff-5203748463d1}</UniqueIdentifier>
    </Filter>
    <Filter Include="tcp_utilities\include">
      <UniqueIdentifier>{af7dc417-59c0-4c2b-bb4b-cc9b84817e89}</UniqueIdentifier>
    </Filter>
    <Filter Include="Network Interface Backends">
      <UniqueIdentifier>{2bfad2b4-ec38-4d2d-b0ec-8dc63e4da2ea}</UniqueIdentifier>
    </Filter>
    <Filter Include="Network Interface Backends\winpcap">
      <UniqueIdentifier>{97a99563-c215-4975-9cb8-c6a29a30f03f}</UniqueIdentifier>
      <Extensions>h</Extensions>
    </Filter>
    <Filter Include="Network Interface Backends\libslirp">
      <UniqueIdentifier>{5d197eae-5f42-46d9-80b4-ec3c51215ea7}</UniqueIdentifier>
    </Filter>
    <Filter Include="Network Interface Backends\libslirp\library">
      <UniqueIdentifier>{cf80ed94-fa61-4bcd-aa89-2cdf164b776e}</UniqueIdentifier>
    </Filter>
    <Filter Include="Network Interface Backends\libslirp\library\dependency">
      <UniqueIdentifier>{d6d1f4df-a7e7-439f-9f96-7a9ca8869a4e}</UniqueIdentifier>
    </Filter>
    <Filter Include="Network Interface Backends\libslirp\library\dependency\glib">
      <UniqueIdentifier>{d1bc2311-6f3d-45b9-a2e7-4db022f7058d}</UniqueIdentifier>
    </Filter>
    <Filter Include="Network Interface Backends\libslirp\library\dependency\glib\include">
      <UniqueIdentifier>{7dab70c7-b0c6-45cd-a75c-3e2e16a0e9e7}</UniqueIdentifier>
    </Filter>
    <Filter Include="Network Interface Backends\libslirp\library\dependency\glib\x86">
      <UniqueIdentifier>{a66c7a15-5598-4c8a-a161-dd29b2078038}</UniqueIdentifier>
    </Filter>
    <Filter Include="Network Interface Backends\libslirp\library\dependency\glib\x64">
      <UniqueIdentifier>{9e972531-ccef-4938-9f6b-8a0f4d3b4068}</UniqueIdentifier>
    </Filter>
    <Filter Include="Network Interface Backends\libslirp\library\include">
      <UniqueIdentifier>{ccd5b4b1-e4f6-4afd-a48c-e4d5bda1c10d}</UniqueIdentifier>
    </Filter>
    <Filter Include="Network Interface Backends\libslirp\library\source">
      <UniqueIdentifier>{b035faeb-48a3-42a7-aeff-edcba6d674a3}</UniqueIdentifier>
    </Filter>
    <Filter Include="Network Interface Backends\winpcap\library">
      <UniqueIdentifier>{da10e3aa-c300-48cf-b741-fc968836c628}</UniqueIdentifier>
    </Filter>
    <Filter Include="Network Interface Backends\winpcap\library\include">
      <UniqueIdentifier>{7a52d3bf-8fc9-4242-8636-e173ade0aa68}</UniqueIdentifier>
    </Filter>
    <Filter Include="Network Interface Backends\winpcap\library\include\pcap">
      <UniqueIdentifier>{2968f486-aba8-47f5-a175-fe77e197a2c6}</UniqueIdentifier>
    </Filter>
  </ItemGroup>
  <ItemGroup>
    <ClCompile Include="..\..\Source\FreeRTOS-Plus-TCP\source\FreeRTOS_ICMP.c">
      <Filter>source</Filter>
    </ClCompile>
    <ClCompile Include="..\..\Source\FreeRTOS-Plus-TCP\source\FreeRTOS_Stream_Buffer.c">
      <Filter>source</Filter>
    </ClCompile>
    <ClCompile Include="..\..\Source\FreeRTOS-Plus-TCP\source\FreeRTOS_Tiny_TCP.c">
      <Filter>source</Filter>
    </ClCompile>
    <ClCompile Include="..\..\Source\FreeRTOS-Plus-TCP\source\FreeRTOS_TCP_State_Handling.c">
      <Filter>source</Filter>
    </ClCompile>
    <ClCompile Include="..\..\Source\FreeRTOS-Plus-TCP\source\FreeRTOS_DNS_Callback.c">
      <Filter>source</Filter>
    </ClCompile>
    <ClCompile Include="..\..\Source\FreeRTOS-Plus-TCP\source\FreeRTOS_TCP_Reception.c">
      <Filter>source</Filter>
    </ClCompile>
    <ClCompile Include="..\..\Source\FreeRTOS-Plus-TCP\source\FreeRTOS_TCP_Utils.c">
      <Filter>source</Filter>
    </ClCompile>
    <ClCompile Include="..\..\Source\FreeRTOS-Plus-TCP\source\FreeRTOS_UDP_IP.c">
      <Filter>source</Filter>
    </ClCompile>
    <ClCompile Include="..\..\Source\FreeRTOS-Plus-TCP\source\FreeRTOS_DNS_Parser.c">
      <Filter>source</Filter>
    </ClCompile>
    <ClCompile Include="..\..\Source\FreeRTOS-Plus-TCP\source\FreeRTOS_DNS_Networking.c">
      <Filter>source</Filter>
    </ClCompile>
    <ClCompile Include="..\..\Source\FreeRTOS-Plus-TCP\source\FreeRTOS_Sockets.c">
      <Filter>source</Filter>
    </ClCompile>
    <ClCompile Include="..\..\Source\FreeRTOS-Plus-TCP\source\FreeRTOS_IP_Utils.c">
      <Filter>source</Filter>
    </ClCompile>
    <ClCompile Include="..\..\Source\FreeRTOS-Plus-TCP\source\FreeRTOS_DHCP.c">
      <Filter>source</Filter>
    </ClCompile>
    <ClCompile Include="..\..\Source\FreeRTOS-Plus-TCP\source\FreeRTOS_TCP_IP.c">
      <Filter>source</Filter>
    </ClCompile>
    <ClCompile Include="..\..\Source\FreeRTOS-Plus-TCP\source\FreeRTOS_DNS.c">
      <Filter>source</Filter>
    </ClCompile>
    <ClCompile Include="..\..\Source\FreeRTOS-Plus-TCP\source\FreeRTOS_TCP_WIN.c">
      <Filter>source</Filter>
    </ClCompile>
    <ClCompile Include="..\..\Source\FreeRTOS-Plus-TCP\source\FreeRTOS_IP_Timers.c">
      <Filter>source</Filter>
    </ClCompile>
    <ClCompile Include="..\..\Source\FreeRTOS-Plus-TCP\source\FreeRTOS_ARP.c">
      <Filter>source</Filter>
    </ClCompile>
    <ClCompile Include="..\..\Source\FreeRTOS-Plus-TCP\source\FreeRTOS_TCP_Transmission.c">
      <Filter>source</Filter>
    </ClCompile>
    <ClCompile Include="..\..\Source\FreeRTOS-Plus-TCP\source\FreeRTOS_DNS_Cache.c">
      <Filter>source</Filter>
    </ClCompile>
    <ClCompile Include="..\..\Source\FreeRTOS-Plus-TCP\source\FreeRTOS_IP.c">
      <Filter>source</Filter>
    </ClCompile>
    <ClCompile Include="..\..\Source\FreeRTOS-Plus-TCP\tools\tcp_utilities\tcp_dump_packets.c">
      <Filter>tcp_utilities</Filter>
    </ClCompile>
    <ClCompile Include="..\..\Source\FreeRTOS-Plus-TCP\tools\tcp_utilities\tcp_mem_stats.c">
      <Filter>tcp_utilities</Filter>
    </ClCompile>
    <ClCompile Include="..\..\Source\FreeRTOS-Plus-TCP\tools\tcp_utilities\tcp_netstat.c">
      <Filter>tcp_utilities</Filter>
    </ClCompile>
    <ClCompile Include="..\..\Source\FreeRTOS-Plus-TCP\source\portable\BufferManagement\BufferAllocation_2.c">
      <Filter>source</Filter>
    </ClCompile>
    <ClCompile Include="plus_tcp_hooks_winsim.c" />
    <ClCompile Include="NetworkInterface_WinPCap.c">
      <Filter>Network Interface Backends\winpcap</Filter>
    </ClCompile>
    <ClCompile Include="MBuffNetworkInterface.c">
      <Filter>Network Interface Backends\libslirp</Filter>
    </ClCompile>
    <ClCompile Include="MBuffNetifBackendLibslirp.c">
      <Filter>Network Interface Backends\libslirp</Filter>
    </ClCompile>
    <ClCompile Include="..\..\ThirdParty\libslirp\src\arp_table.c">
      <Filter>Network Interface Backends\libslirp\library\source</Filter>
    </ClCompile>
    <ClCompile Include="..\..\ThirdParty\libslirp\src\bootp.c">
      <Filter>Network Interface Backends\libslirp\library\source</Filter>
    </ClCompile>
    <ClCompile Include="..\..\ThirdParty\libslirp\src\cksum.c">
      <Filter>Network Interface Backends\libslirp\library\source</Filter>
    </ClCompile>
    <ClCompile Include="..\..\ThirdParty\libslirp\src\dhcpv6.c">
      <Filter>Network Interface Backends\libslirp\library\source</Filter>
    </ClCompile>
    <ClCompile Include="..\..\ThirdParty\libslirp\src\dnssearch.c">
      <Filter>Network Interface Backends\libslirp\library\source</Filter>
    </ClCompile>
    <ClCompile Include="..\..\ThirdParty\libslirp\src\if.c">
      <Filter>Network Interface Backends\libslirp\library\source</Filter>
    </ClCompile>
    <ClCompile Include="..\..\ThirdParty\libslirp\src\ip_icmp.c">
      <Filter>Network Interface Backends\libslirp\library\source</Filter>
    </ClCompile>
    <ClCompile Include="..\..\ThirdParty\libslirp\src\ip_input.c">
      <Filter>Network Interface Backends\libslirp\library\source</Filter>
    </ClCompile>
    <ClCompile Include="..\..\ThirdParty\libslirp\src\ip_output.c">
      <Filter>Network Interface Backends\libslirp\library\source</Filter>
    </ClCompile>
    <ClCompile Include="..\..\ThirdParty\libslirp\src\ip6_icmp.c">
      <Filter>Network Interface Backends\libslirp\library\source</Filter>
    </ClCompile>
    <ClCompile Include="..\..\ThirdParty\libslirp\src\ip6_input.c">
      <Filter>Network Interface Backends\libslirp\library\source</Filter>
    </ClCompile>
    <ClCompile Include="..\..\ThirdParty\libslirp\src\ip6_output.c">
      <Filter>Network Interface Backends\libslirp\library\source</Filter>
    </ClCompile>
    <ClCompile Include="..\..\ThirdParty\libslirp\src\mbuf.c">
      <Filter>Network Interface Backends\libslirp\library\source</Filter>
    </ClCompile>
    <ClCompile Include="..\..\ThirdParty\libslirp\src\misc.c">
      <Filter>Network Interface Backends\libslirp\library\source</Filter>
    </ClCompile>
    <ClCompile Include="..\..\ThirdParty\libslirp\src\ncsi.c">
      <Filter>Network Interface Backends\libslirp\library\source</Filter>
    </ClCompile>
    <ClCompile Include="..\..\ThirdParty\libslirp\src\ndp_table.c">
      <Filter>Network Interface Backends\libslirp\library\source</Filter>
    </ClCompile>
    <ClCompile Include="..\..\ThirdParty\libslirp\src\sbuf.c">
      <Filter>Network Interface Backends\libslirp\library\source</Filter>
    </ClCompile>
    <ClCompile Include="..\..\ThirdParty\libslirp\src\slirp.c">
      <Filter>Network Interface Backends\libslirp\library\source</Filter>
    </ClCompile>
    <ClCompile Include="..\..\ThirdParty\libslirp\src\socket.c">
      <Filter>Network Interface Backends\libslirp\library\source</Filter>
    </ClCompile>
    <ClCompile Include="..\..\ThirdParty\libslirp\src\state.c">
      <Filter>Network Interface Backends\libslirp\library\source</Filter>
    </ClCompile>
    <ClCompile Include="..\..\ThirdParty\libslirp\src\stream.c">
      <Filter>Network Interface Backends\libslirp\library\source</Filter>
    </ClCompile>
    <ClCompile Include="..\..\ThirdParty\libslirp\src\tcp_input.c">
      <Filter>Network Interface Backends\libslirp\library\source</Filter>
    </ClCompile>
    <ClCompile Include="..\..\ThirdParty\libslirp\src\tcp_output.c">
      <Filter>Network Interface Backends\libslirp\library\source</Filter>
    </ClCompile>
    <ClCompile Include="..\..\ThirdParty\libslirp\src\tcp_subr.c">
      <Filter>Network Interface Backends\libslirp\library\source</Filter>
    </ClCompile>
    <ClCompile Include="..\..\ThirdParty\libslirp\src\tcp_timer.c">
      <Filter>Network Interface Backends\libslirp\library\source</Filter>
    </ClCompile>
    <ClCompile Include="..\..\ThirdParty\libslirp\src\tftp.c">
      <Filter>Network Interface Backends\libslirp\library\source</Filter>
    </ClCompile>
    <ClCompile Include="..\..\ThirdParty\libslirp\src\udp.c">
      <Filter>Network Interface Backends\libslirp\library\source</Filter>
    </ClCompile>
    <ClCompile Include="..\..\ThirdParty\libslirp\src\udp6.c">
      <Filter>Network Interface Backends\libslirp\library\source</Filter>
    </ClCompile>
    <ClCompile Include="..\..\ThirdParty\libslirp\src\util.c">
      <Filter>Network Interface Backends\libslirp\library\source</Filter>
    </ClCompile>
    <ClCompile Include="..\..\ThirdParty\libslirp\src\version.c">
      <Filter>Network Interface Backends\libslirp\library\source</Filter>
    </ClCompile>
    <ClCompile Include="..\..\ThirdParty\libslirp\src\vmstate.c">
      <Filter>Network Interface Backends\libslirp\library\source</Filter>
    </ClCompile>
  </ItemGroup>
  <ItemGroup>
    <ClInclude Include="..\..\Source\FreeRTOS-Plus-TCP\source\include\FreeRTOS_Sockets.h">
      <Filter>include</Filter>
    </ClInclude>
    <ClInclude Include="..\..\Source\FreeRTOS-Plus-TCP\source\include\FreeRTOS_errno_TCP.h">
      <Filter>include</Filter>
    </ClInclude>
    <ClInclude Include="..\..\Source\FreeRTOS-Plus-TCP\source\include\FreeRTOS_IP_Utils.h">
      <Filter>include</Filter>
    </ClInclude>
    <ClInclude Include="..\..\Source\FreeRTOS-Plus-TCP\source\include\FreeRTOS_DNS_Globals.h">
      <Filter>include</Filter>
    </ClInclude>
    <ClInclude Include="..\..\Source\FreeRTOS-Plus-TCP\source\include\FreeRTOS_DNS_Networking.h">
      <Filter>include</Filter>
    </ClInclude>
    <ClInclude Include="..\..\Source\FreeRTOS-Plus-TCP\source\include\FreeRTOS_TCP_WIN.h">
      <Filter>include</Filter>
    </ClInclude>
    <ClInclude Include="..\..\Source\FreeRTOS-Plus-TCP\source\include\FreeRTOS_DNS.h">
      <Filter>include</Filter>
    </ClInclude>
    <ClInclude Include="..\..\Source\FreeRTOS-Plus-TCP\source\include\FreeRTOS_TCP_IP.h">
      <Filter>include</Filter>
    </ClInclude>
    <ClInclude Include="..\..\Source\FreeRTOS-Plus-TCP\source\include\FreeRTOS_DHCP.h">
      <Filter>include</Filter>
    </ClInclude>
    <ClInclude Include="..\..\Source\FreeRTOS-Plus-TCP\source\include\FreeRTOS_DNS_Cache.h">
      <Filter>include</Filter>
    </ClInclude>
    <ClInclude Include="..\..\Source\FreeRTOS-Plus-TCP\source\include\NetworkBufferManagement.h">
      <Filter>include</Filter>
    </ClInclude>
    <ClInclude Include="..\..\Source\FreeRTOS-Plus-TCP\source\include\FreeRTOS_ARP.h">
      <Filter>include</Filter>
    </ClInclude>
    <ClInclude Include="..\..\Source\FreeRTOS-Plus-TCP\source\include\NetworkInterface.h">
      <Filter>include</Filter>
    </ClInclude>
    <ClInclude Include="..\..\Source\FreeRTOS-Plus-TCP\source\include\FreeRTOS_TCP_Transmission.h">
      <Filter>include</Filter>
    </ClInclude>
    <ClInclude Include="..\..\Source\FreeRTOS-Plus-TCP\source\include\FreeRTOS_IP_Timers.h">
      <Filter>include</Filter>
    </ClInclude>
    <ClInclude Include="..\..\Source\FreeRTOS-Plus-TCP\source\include\FreeRTOSIPConfigDefaults.h">
      <Filter>include</Filter>
    </ClInclude>
    <ClInclude Include="..\..\Source\FreeRTOS-Plus-TCP\source\include\FreeRTOS_IP_Private.h">
      <Filter>include</Filter>
    </ClInclude>
    <ClInclude Include="..\..\Source\FreeRTOS-Plus-TCP\source\include\FreeRTOS_IP.h">
      <Filter>include</Filter>
    </ClInclude>
    <ClInclude Include="..\..\Source\FreeRTOS-Plus-TCP\source\include\FreeRTOS_Stream_Buffer.h">
      <Filter>include</Filter>
    </ClInclude>
    <ClInclude Include="..\..\Source\FreeRTOS-Plus-TCP\source\include\FreeRTOS_ICMP.h">
      <Filter>include</Filter>
    </ClInclude>
    <ClInclude Include="..\..\Source\FreeRTOS-Plus-TCP\source\include\FreeRTOS_DNS_Callback.h">
      <Filter>include</Filter>
    </ClInclude>
    <ClInclude Include="..\..\Source\FreeRTOS-Plus-TCP\source\include\FreeRTOS_TCP_State_Handling.h">
      <Filter>include</Filter>
    </ClInclude>
    <ClInclude Include="..\..\Source\FreeRTOS-Plus-TCP\source\include\FreeRTOS_TCP_Reception.h">
      <Filter>include</Filter>
    </ClInclude>
    <ClInclude Include="..\..\Source\FreeRTOS-Plus-TCP\source\include\FreeRTOS_UDP_IP.h">
      <Filter>include</Filter>
    </ClInclude>
    <ClInclude Include="..\..\Source\FreeRTOS-Plus-TCP\source\include\FreeRTOS_TCP_Utils.h">
      <Filter>include</Filter>
    </ClInclude>
    <ClInclude Include="..\..\Source\FreeRTOS-Plus-TCP\source\include\IPTraceMacroDefaults.h">
      <Filter>include</Filter>
    </ClInclude>
    <ClInclude Include="..\..\Source\FreeRTOS-Plus-TCP\source\include\FreeRTOS_DNS_Parser.h">
      <Filter>include</Filter>
    </ClInclude>
    <ClInclude Include="..\..\Source\FreeRTOS-Plus-TCP\tools\tcp_utilities\include\tcp_dump_packets.h">
      <Filter>tcp_utilities\include</Filter>
    </ClInclude>
    <ClInclude Include="..\..\Source\FreeRTOS-Plus-TCP\tools\tcp_utilities\include\tcp_netstat.h">
      <Filter>tcp_utilities\include</Filter>
    </ClInclude>
    <ClInclude Include="..\..\Source\FreeRTOS-Plus-TCP\tools\tcp_utilities\include\tcp_mem_stats.h">
      <Filter>tcp_utilities\include</Filter>
    </ClInclude>
    <ClInclude Include="..\..\Source\FreeRTOS-Plus-TCP\source\portable\Compiler\MSVC\pack_struct_end.h">
      <Filter>compiler_msvc</Filter>
    </ClInclude>
    <ClInclude Include="..\..\Source\FreeRTOS-Plus-TCP\source\portable\Compiler\MSVC\pack_struct_start.h">
      <Filter>compiler_msvc</Filter>
    </ClInclude>
    <ClInclude Include="..\..\ThirdParty\winpcap\include\pcap\sll.h">
      <Filter>Network Interface Backends\winpcap\library\include</Filter>
    </ClInclude>
    <ClInclude Include="..\..\ThirdParty\winpcap\include\pcap\usb.h">
      <Filter>Network Interface Backends\winpcap\library\include</Filter>
    </ClInclude>
    <ClInclude Include="..\..\ThirdParty\winpcap\include\pcap\vlan.h">
      <Filter>Network Interface Backends\winpcap\library\include</Filter>
    </ClInclude>
    <ClInclude Include="..\..\ThirdParty\winpcap\include\pcap-bpf.h">
      <Filter>Network Interface Backends\winpcap\library\include</Filter>
    </ClInclude>
    <ClInclude Include="..\..\ThirdParty\winpcap\include\pcap-namedb.h">
      <Filter>Network Interface Backends\winpcap\library\include</Filter>
    </ClInclude>
    <ClInclude Include="..\..\ThirdParty\winpcap\include\remote-ext.h">
      <Filter>Network Interface Backends\winpcap\library\include</Filter>
    </ClInclude>
    <ClInclude Include="..\..\ThirdParty\winpcap\include\bittypes.h">
      <Filter>Network Interface Backends\winpcap\library\include</Filter>
    </ClInclude>
    <ClInclude Include="..\..\ThirdParty\winpcap\include\ip6_misc.h">
      <Filter>Network Interface Backends\winpcap\library\include</Filter>
    </ClInclude>
    <ClInclude Include="..\..\ThirdParty\winpcap\include\pcap.h">
      <Filter>Network Interface Backends\winpcap\library\include</Filter>
    </ClInclude>
    <ClInclude Include="..\..\ThirdParty\winpcap\include\Win32-Extensions.h">
      <Filter>Network Interface Backends\winpcap\library\include</Filter>
    </ClInclude>
    <ClInclude Include="..\..\ThirdParty\winpcap\include\Packet32.h">
      <Filter>Network Interface Backends\winpcap\library\include</Filter>
    </ClInclude>
    <ClInclude Include="..\..\ThirdParty\winpcap\include\pcap-stdinc.h">
      <Filter>Network Interface Backends\winpcap\library\include</Filter>
    </ClInclude>
    <ClInclude Include="FreeRTOSIPConfig.h" />
    <ClInclude Include="..\..\ThirdParty\winpcap\include\pcap\pcap.h">
      <Filter>Network Interface Backends\winpcap\library\include\pcap</Filter>
    </ClInclude>
    <ClInclude Include="..\..\ThirdParty\winpcap\include\pcap\namedb.h">
      <Filter>Network Interface Backends\winpcap\library\include\pcap</Filter>
    </ClInclude>
    <ClInclude Include="..\..\ThirdParty\winpcap\include\pcap\bpf.h">
      <Filter>Network Interface Backends\winpcap\library\include\pcap</Filter>
    </ClInclude>
    <ClInclude Include="..\..\ThirdParty\winpcap\include\pcap\bluetooth.h">
      <Filter>Network Interface Backends\winpcap\library\include\pcap</Filter>
    </ClInclude>
    <ClInclude Include="..\..\ThirdParty\libslirp\src\bootp.h">
      <Filter>Network Interface Backends\libslirp\library\include</Filter>
    </ClInclude>
    <ClInclude Include="..\..\ThirdParty\libslirp\src\debug.h">
      <Filter>Network Interface Backends\libslirp\library\include</Filter>
    </ClInclude>
    <ClInclude Include="..\..\ThirdParty\libslirp\src\dhcpv6.h">
      <Filter>Network Interface Backends\libslirp\library\include</Filter>
    </ClInclude>
    <ClInclude Include="..\..\ThirdParty\libslirp\src\if.h">
      <Filter>Network Interface Backends\libslirp\library\include</Filter>
    </ClInclude>
    <ClInclude Include="..\..\ThirdParty\libslirp\src\ip.h">
      <Filter>Network Interface Backends\libslirp\library\include</Filter>
    </ClInclude>
    <ClInclude Include="..\..\ThirdParty\libslirp\src\ip_icmp.h">
      <Filter>Network Interface Backends\libslirp\library\include</Filter>
    </ClInclude>
    <ClInclude Include="..\..\ThirdParty\libslirp\src\ip6.h">
      <Filter>Network Interface Backends\libslirp\library\include</Filter>
    </ClInclude>
    <ClInclude Include="..\..\ThirdParty\libslirp\src\ip6_icmp.h">
      <Filter>Network Interface Backends\libslirp\library\include</Filter>
    </ClInclude>
    <ClInclude Include="..\..\ThirdParty\libslirp\src\libslirp.h">
      <Filter>Network Interface Backends\libslirp\library\include</Filter>
    </ClInclude>
    <ClInclude Include="..\..\ThirdParty\libslirp\src\main.h">
      <Filter>Network Interface Backends\libslirp\library\include</Filter>
    </ClInclude>
    <ClInclude Include="..\..\ThirdParty\libslirp\src\mbuf.h">
      <Filter>Network Interface Backends\libslirp\library\include</Filter>
    </ClInclude>
    <ClInclude Include="..\..\ThirdParty\libslirp\src\misc.h">
      <Filter>Network Interface Backends\libslirp\library\include</Filter>
    </ClInclude>
    <ClInclude Include="..\..\ThirdParty\libslirp\src\ncsi-pkt.h">
      <Filter>Network Interface Backends\libslirp\library\include</Filter>
    </ClInclude>
    <ClInclude Include="..\..\ThirdParty\libslirp\src\sbuf.h">
      <Filter>Network Interface Backends\libslirp\library\include</Filter>
    </ClInclude>
    <ClInclude Include="..\..\ThirdParty\libslirp\src\slirp.h">
      <Filter>Network Interface Backends\libslirp\library\include</Filter>
    </ClInclude>
    <ClInclude Include="..\..\ThirdParty\libslirp\src\socket.h">
      <Filter>Network Interface Backends\libslirp\library\include</Filter>
    </ClInclude>
    <ClInclude Include="..\..\ThirdParty\libslirp\src\stream.h">
      <Filter>Network Interface Backends\libslirp\library\include</Filter>
    </ClInclude>
    <ClInclude Include="..\..\ThirdParty\libslirp\src\tcp.h">
      <Filter>Network Interface Backends\libslirp\library\include</Filter>
    </ClInclude>
    <ClInclude Include="..\..\ThirdParty\libslirp\src\tcp_timer.h">
      <Filter>Network Interface Backends\libslirp\library\include</Filter>
    </ClInclude>
    <ClInclude Include="..\..\ThirdParty\libslirp\src\tcp_var.h">
      <Filter>Network Interface Backends\libslirp\library\include</Filter>
    </ClInclude>
    <ClInclude Include="..\..\ThirdParty\libslirp\src\tcpip.h">
      <Filter>Network Interface Backends\libslirp\library\include</Filter>
    </ClInclude>
    <ClInclude Include="..\..\ThirdParty\libslirp\src\tftp.h">
      <Filter>Network Interface Backends\libslirp\library\include</Filter>
    </ClInclude>
    <ClInclude Include="..\..\ThirdParty\libslirp\src\udp.h">
      <Filter>Network Interface Backends\libslirp\library\include</Filter>
    </ClInclude>
    <ClInclude Include="..\..\ThirdParty\libslirp\src\util.h">
      <Filter>Network Interface Backends\libslirp\library\include</Filter>
    </ClInclude>
    <ClInclude Include="..\..\ThirdParty\libslirp\src\vmstate.h">
      <Filter>Network Interface Backends\libslirp\library\include</Filter>
    </ClInclude>
    <ClInclude Include="..\..\ThirdParty\glib\include\glib.h">
      <Filter>Network Interface Backends\libslirp\library\dependency\glib\include</Filter>
    </ClInclude>
    <ClInclude Include="..\..\ThirdParty\glib\include\glibconfig.h">
      <Filter>Network Interface Backends\libslirp\library\dependency\glib\include</Filter>
    </ClInclude>
    <ClInclude Include="..\..\ThirdParty\glib\include\libintl.h">
      <Filter>Network Interface Backends\libslirp\library\dependency\glib\include</Filter>
    </ClInclude>
    <ClInclude Include="..\..\ThirdParty\glib\include\pcre2.h">
      <Filter>Network Interface Backends\libslirp\library\dependency\glib\include</Filter>
    </ClInclude>
    <ClInclude Include="..\..\ThirdParty\glib\include\glib\galloca.h">
      <Filter>Network Interface Backends\libslirp\library\dependency\glib\include</Filter>
    </ClInclude>
    <ClInclude Include="..\..\ThirdParty\glib\include\glib\garray.h">
      <Filter>Network Interface Backends\libslirp\library\dependency\glib\include</Filter>
    </ClInclude>
    <ClInclude Include="..\..\ThirdParty\glib\include\glib\gasyncqueue.h">
      <Filter>Network Interface Backends\libslirp\library\dependency\glib\include</Filter>
    </ClInclude>
    <ClInclude Include="..\..\ThirdParty\glib\include\glib\gatomic.h">
      <Filter>Network Interface Backends\libslirp\library\dependency\glib\include</Filter>
    </ClInclude>
    <ClInclude Include="..\..\ThirdParty\glib\include\glib\gbacktrace.h">
      <Filter>Network Interface Backends\libslirp\library\dependency\glib\include</Filter>
    </ClInclude>
    <ClInclude Include="..\..\ThirdParty\glib\include\glib\gbase64.h">
      <Filter>Network Interface Backends\libslirp\library\dependency\glib\include</Filter>
    </ClInclude>
    <ClInclude Include="..\..\ThirdParty\glib\include\glib\gbitlock.h">
      <Filter>Network Interface Backends\libslirp\library\dependency\glib\include</Filter>
    </ClInclude>
    <ClInclude Include="..\..\ThirdParty\glib\include\glib\gbookmarkfile.h">
      <Filter>Network Interface Backends\libslirp\library\dependency\glib\include</Filter>
    </ClInclude>
    <ClInclude Include="..\..\ThirdParty\glib\include\glib\gbytes.h">
      <Filter>Network Interface Backends\libslirp\library\dependency\glib\include</Filter>
    </ClInclude>
    <ClInclude Include="..\..\ThirdParty\glib\include\glib\gcharset.h">
      <Filter>Network Interface Backends\libslirp\library\dependency\glib\include</Filter>
    </ClInclude>
    <ClInclude Include="..\..\ThirdParty\glib\include\glib\gchecksum.h">
      <Filter>Network Interface Backends\libslirp\library\dependency\glib\include</Filter>
    </ClInclude>
    <ClInclude Include="..\..\ThirdParty\glib\include\glib\gconvert.h">
      <Filter>Network Interface Backends\libslirp\library\dependency\glib\include</Filter>
    </ClInclude>
    <ClInclude Include="..\..\ThirdParty\glib\include\glib\gdataset.h">
      <Filter>Network Interface Backends\libslirp\library\dependency\glib\include</Filter>
    </ClInclude>
    <ClInclude Include="..\..\ThirdParty\glib\include\glib\gdate.h">
      <Filter>Network Interface Backends\libslirp\library\dependency\glib\include</Filter>
    </ClInclude>
    <ClInclude Include="..\..\ThirdParty\glib\include\glib\gdatetime.h">
      <Filter>Network Interface Backends\libslirp\library\dependency\glib\include</Filter>
    </ClInclude>
    <ClInclude Include="..\..\ThirdParty\glib\include\glib\gdir.h">
      <Filter>Network Interface Backends\libslirp\library\dependency\glib\include</Filter>
    </ClInclude>
    <ClInclude Include="..\..\ThirdParty\glib\include\glib\genviron.h">
      <Filter>Network Interface Backends\libslirp\library\dependency\glib\include</Filter>
    </ClInclude>
    <ClInclude Include="..\..\ThirdParty\glib\include\glib\gerror.h">
      <Filter>Network Interface Backends\libslirp\library\dependency\glib\include</Filter>
    </ClInclude>
    <ClInclude Include="..\..\ThirdParty\glib\include\glib\gfileutils.h">
      <Filter>Network Interface Backends\libslirp\library\dependency\glib\include</Filter>
    </ClInclude>
    <ClInclude Include="..\..\ThirdParty\glib\include\glib\ggettext.h">
      <Filter>Network Interface Backends\libslirp\library\dependency\glib\include</Filter>
    </ClInclude>
    <ClInclude Include="..\..\ThirdParty\glib\include\glib\ghash.h">
      <Filter>Network Interface Backends\libslirp\library\dependency\glib\include</Filter>
    </ClInclude>
    <ClInclude Include="..\..\ThirdParty\glib\include\glib\ghmac.h">
      <Filter>Network Interface Backends\libslirp\library\dependency\glib\include</Filter>
    </ClInclude>
    <ClInclude Include="..\..\ThirdParty\glib\include\glib\ghook.h">
      <Filter>Network Interface Backends\libslirp\library\dependency\glib\include</Filter>
    </ClInclude>
    <ClInclude Include="..\..\ThirdParty\glib\include\glib\ghostutils.h">
      <Filter>Network Interface Backends\libslirp\library\dependency\glib\include</Filter>
    </ClInclude>
    <ClInclude Include="..\..\ThirdParty\glib\include\glib\gi18n.h">
      <Filter>Network Interface Backends\libslirp\library\dependency\glib\include</Filter>
    </ClInclude>
    <ClInclude Include="..\..\ThirdParty\glib\include\glib\gi18n-lib.h">
      <Filter>Network Interface Backends\libslirp\library\dependency\glib\include</Filter>
    </ClInclude>
    <ClInclude Include="..\..\ThirdParty\glib\include\glib\giochannel.h">
      <Filter>Network Interface Backends\libslirp\library\dependency\glib\include</Filter>
    </ClInclude>
    <ClInclude Include="..\..\ThirdParty\glib\include\glib\gkeyfile.h">
      <Filter>Network Interface Backends\libslirp\library\dependency\glib\include</Filter>
    </ClInclude>
    <ClInclude Include="..\..\ThirdParty\glib\include\glib\glib-autocleanups.h">
      <Filter>Network Interface Backends\libslirp\library\dependency\glib\include</Filter>
    </ClInclude>
    <ClInclude Include="..\..\ThirdParty\glib\include\glib\glib-typeof.h">
      <Filter>Network Interface Backends\libslirp\library\dependency\glib\include</Filter>
    </ClInclude>
    <ClInclude Include="..\..\ThirdParty\glib\include\glib\glib-visibility.h">
      <Filter>Network Interface Backends\libslirp\library\dependency\glib\include</Filter>
    </ClInclude>
    <ClInclude Include="..\..\ThirdParty\glib\include\glib\glist.h">
      <Filter>Network Interface Backends\libslirp\library\dependency\glib\include</Filter>
    </ClInclude>
    <ClInclude Include="..\..\ThirdParty\glib\include\glib\gmacros.h">
      <Filter>Network Interface Backends\libslirp\library\dependency\glib\include</Filter>
    </ClInclude>
    <ClInclude Include="..\..\ThirdParty\glib\include\glib\gmain.h">
      <Filter>Network Interface Backends\libslirp\library\dependency\glib\include</Filter>
    </ClInclude>
    <ClInclude Include="..\..\ThirdParty\glib\include\glib\gmappedfile.h">
      <Filter>Network Interface Backends\libslirp\library\dependency\glib\include</Filter>
    </ClInclude>
    <ClInclude Include="..\..\ThirdParty\glib\include\glib\gmarkup.h">
      <Filter>Network Interface Backends\libslirp\library\dependency\glib\include</Filter>
    </ClInclude>
    <ClInclude Include="..\..\ThirdParty\glib\include\glib\gmem.h">
      <Filter>Network Interface Backends\libslirp\library\dependency\glib\include</Filter>
    </ClInclude>
    <ClInclude Include="..\..\ThirdParty\glib\include\glib\gmessages.h">
      <Filter>Network Interface Backends\libslirp\library\dependency\glib\include</Filter>
    </ClInclude>
    <ClInclude Include="..\..\ThirdParty\glib\include\glib\gnode.h">
      <Filter>Network Interface Backends\libslirp\library\dependency\glib\include</Filter>
    </ClInclude>
    <ClInclude Include="..\..\ThirdParty\glib\include\glib\goption.h">
      <Filter>Network Interface Backends\libslirp\library\dependency\glib\include</Filter>
    </ClInclude>
    <ClInclude Include="..\..\ThirdParty\glib\include\glib\gpattern.h">
      <Filter>Network Interface Backends\libslirp\library\dependency\glib\include</Filter>
    </ClInclude>
    <ClInclude Include="..\..\ThirdParty\glib\include\glib\gpoll.h">
      <Filter>Network Interface Backends\libslirp\library\dependency\glib\include</Filter>
    </ClInclude>
    <ClInclude Include="..\..\ThirdParty\glib\include\glib\gprimes.h">
      <Filter>Network Interface Backends\libslirp\library\dependency\glib\include</Filter>
    </ClInclude>
    <ClInclude Include="..\..\ThirdParty\glib\include\glib\gprintf.h">
      <Filter>Network Interface Backends\libslirp\library\dependency\glib\include</Filter>
    </ClInclude>
    <ClInclude Include="..\..\ThirdParty\glib\include\glib\gqsort.h">
      <Filter>Network Interface Backends\libslirp\library\dependency\glib\include</Filter>
    </ClInclude>
    <ClInclude Include="..\..\ThirdParty\glib\include\glib\gquark.h">
      <Filter>Network Interface Backends\libslirp\library\dependency\glib\include</Filter>
    </ClInclude>
    <ClInclude Include="..\..\ThirdParty\glib\include\glib\gqueue.h">
      <Filter>Network Interface Backends\libslirp\library\dependency\glib\include</Filter>
    </ClInclude>
    <ClInclude Include="..\..\ThirdParty\glib\include\glib\grand.h">
      <Filter>Network Interface Backends\libslirp\library\dependency\glib\include</Filter>
    </ClInclude>
    <ClInclude Include="..\..\ThirdParty\glib\include\glib\grcbox.h">
      <Filter>Network Interface Backends\libslirp\library\dependency\glib\include</Filter>
    </ClInclude>
    <ClInclude Include="..\..\ThirdParty\glib\include\glib\grefcount.h">
      <Filter>Network Interface Backends\libslirp\library\dependency\glib\include</Filter>
    </ClInclude>
    <ClInclude Include="..\..\ThirdParty\glib\include\glib\grefstring.h">
      <Filter>Network Interface Backends\libslirp\library\dependency\glib\include</Filter>
    </ClInclude>
    <ClInclude Include="..\..\ThirdParty\glib\include\glib\gregex.h">
      <Filter>Network Interface Backends\libslirp\library\dependency\glib\include</Filter>
    </ClInclude>
    <ClInclude Include="..\..\ThirdParty\glib\include\glib\gscanner.h">
      <Filter>Network Interface Backends\libslirp\library\dependency\glib\include</Filter>
    </ClInclude>
    <ClInclude Include="..\..\ThirdParty\glib\include\glib\gsequence.h">
      <Filter>Network Interface Backends\libslirp\library\dependency\glib\include</Filter>
    </ClInclude>
    <ClInclude Include="..\..\ThirdParty\glib\include\glib\gshell.h">
      <Filter>Network Interface Backends\libslirp\library\dependency\glib\include</Filter>
    </ClInclude>
    <ClInclude Include="..\..\ThirdParty\glib\include\glib\gslice.h">
      <Filter>Network Interface Backends\libslirp\library\dependency\glib\include</Filter>
    </ClInclude>
    <ClInclude Include="..\..\ThirdParty\glib\include\glib\gslist.h">
      <Filter>Network Interface Backends\libslirp\library\dependency\glib\include</Filter>
    </ClInclude>
    <ClInclude Include="..\..\ThirdParty\glib\include\glib\gspawn.h">
      <Filter>Network Interface Backends\libslirp\library\dependency\glib\include</Filter>
    </ClInclude>
    <ClInclude Include="..\..\ThirdParty\glib\include\glib\gstdio.h">
      <Filter>Network Interface Backends\libslirp\library\dependency\glib\include</Filter>
    </ClInclude>
    <ClInclude Include="..\..\ThirdParty\glib\include\glib\gstrfuncs.h">
      <Filter>Network Interface Backends\libslirp\library\dependency\glib\include</Filter>
    </ClInclude>
    <ClInclude Include="..\..\ThirdParty\glib\include\glib\gstring.h">
      <Filter>Network Interface Backends\libslirp\library\dependency\glib\include</Filter>
    </ClInclude>
    <ClInclude Include="..\..\ThirdParty\glib\include\glib\gstringchunk.h">
      <Filter>Network Interface Backends\libslirp\library\dependency\glib\include</Filter>
    </ClInclude>
    <ClInclude Include="..\..\ThirdParty\glib\include\glib\gstrvbuilder.h">
      <Filter>Network Interface Backends\libslirp\library\dependency\glib\include</Filter>
    </ClInclude>
    <ClInclude Include="..\..\ThirdParty\glib\include\glib\gtestutils.h">
      <Filter>Network Interface Backends\libslirp\library\dependency\glib\include</Filter>
    </ClInclude>
    <ClInclude Include="..\..\ThirdParty\glib\include\glib\gthread.h">
      <Filter>Network Interface Backends\libslirp\library\dependency\glib\include</Filter>
    </ClInclude>
    <ClInclude Include="..\..\ThirdParty\glib\include\glib\gthreadpool.h">
      <Filter>Network Interface Backends\libslirp\library\dependency\glib\include</Filter>
    </ClInclude>
    <ClInclude Include="..\..\ThirdParty\glib\include\glib\gtimer.h">
      <Filter>Network Interface Backends\libslirp\library\dependency\glib\include</Filter>
    </ClInclude>
    <ClInclude Include="..\..\ThirdParty\glib\include\glib\gtimezone.h">
      <Filter>Network Interface Backends\libslirp\library\dependency\glib\include</Filter>
    </ClInclude>
    <ClInclude Include="..\..\ThirdParty\glib\include\glib\gtrashstack.h">
      <Filter>Network Interface Backends\libslirp\library\dependency\glib\include</Filter>
    </ClInclude>
    <ClInclude Include="..\..\ThirdParty\glib\include\glib\gtree.h">
      <Filter>Network Interface Backends\libslirp\library\dependency\glib\include</Filter>
    </ClInclude>
    <ClInclude Include="..\..\ThirdParty\glib\include\glib\gtypes.h">
      <Filter>Network Interface Backends\libslirp\library\dependency\glib\include</Filter>
    </ClInclude>
    <ClInclude Include="..\..\ThirdParty\glib\include\glib\gunicode.h">
      <Filter>Network Interface Backends\libslirp\library\dependency\glib\include</Filter>
    </ClInclude>
    <ClInclude Include="..\..\ThirdParty\glib\include\glib\guri.h">
      <Filter>Network Interface Backends\libslirp\library\dependency\glib\include</Filter>
    </ClInclude>
    <ClInclude Include="..\..\ThirdParty\glib\include\glib\gutils.h">
      <Filter>Network Interface Backends\libslirp\library\dependency\glib\include</Filter>
    </ClInclude>
    <ClInclude Include="..\..\ThirdParty\glib\include\glib\guuid.h">
      <Filter>Network Interface Backends\libslirp\library\dependency\glib\include</Filter>
    </ClInclude>
    <ClInclude Include="..\..\ThirdParty\glib\include\glib\gvariant.h">
      <Filter>Network Interface Backends\libslirp\library\dependency\glib\include</Filter>
    </ClInclude>
    <ClInclude Include="..\..\ThirdParty\glib\include\glib\gvarianttype.h">
      <Filter>Network Interface Backends\libslirp\library\dependency\glib\include</Filter>
    </ClInclude>
    <ClInclude Include="..\..\ThirdParty\glib\include\glib\gversion.h">
      <Filter>Network Interface Backends\libslirp\library\dependency\glib\include</Filter>
    </ClInclude>
    <ClInclude Include="..\..\ThirdParty\glib\include\glib\gversionmacros.h">
      <Filter>Network Interface Backends\libslirp\library\dependency\glib\include</Filter>
    </ClInclude>
    <ClInclude Include="..\..\ThirdParty\glib\include\glib\gwin32.h">
      <Filter>Network Interface Backends\libslirp\library\dependency\glib\include</Filter>
    </ClInclude>
  </ItemGroup>
  <ItemGroup>
    <Library Include="..\..\ThirdParty\glib\x86\libglib-2.0.lib">
      <Filter>Network Interface Backends\libslirp\library\dependency\glib\x86</Filter>
    </Library>
    <Library Include="..\..\ThirdParty\glib\x86\libintl.lib">
      <Filter>Network Interface Backends\libslirp\library\dependency\glib\x86</Filter>
    </Library>
    <Library Include="..\..\ThirdParty\glib\x86\libpcre2-8.lib">
      <Filter>Network Interface Backends\libslirp\library\dependency\glib\x86</Filter>
    </Library>
  </ItemGroup>
</Project>